// !$*UTF8*$!
{
	archiveVersion = 1;
	classes = {
	};
	objectVersion = 77;
	objects = {

/* Begin PBXContainerItemProxy section */
		ADA295C12F93FFE4004161B4 /* PBXContainerItemProxy */ = {
			isa = PBXContainerItemProxy;
			containerPortal = ADA295AB2F93FFE3004161B4 /* Project object */;
			proxyType = 1;
			remoteGlobalIDString = ADA295B22F93FFE3004161B4;
			remoteInfo = LoveSpeaks;
		};
		ADA295CB2F93FFE4004161B4 /* PBXContainerItemProxy */ = {
			isa = PBXContainerItemProxy;
			containerPortal = ADA295AB2F93FFE3004161B4 /* Project object */;
			proxyType = 1;
			remoteGlobalIDString = ADA295B22F93FFE3004161B4;
			remoteInfo = LoveSpeaks;
		};
/* End PBXContainerItemProxy section */

/* Begin PBXFileReference section */
		ADA295B32F93FFE3004161B4 /* LoveSpeaks.app */ = {isa = PBXFileReference; explicitFileType = wrapper.application; includeInIndex = 0; path = LoveSpeaks.app; sourceTree = BUILT_PRODUCTS_DIR; };
		ADA295C02F93FFE4004161B4 /* LoveSpeaksTests.xctest */ = {isa = PBXFileReference; explicitFileType = wrapper.cfbundle; includeInIndex = 0; path = LoveSpeaksTests.xctest; sourceTree = BUILT_PRODUCTS_DIR; };
		ADA295CA2F93FFE4004161B4 /* LoveSpeaksUITests.xctest */ = {isa = PBXFileReference; explicitFileType = wrapper.cfbundle; includeInIndex = 0; path = LoveSpeaksUITests.xctest; sourceTree = BUILT_PRODUCTS_DIR; };
/* End PBXFileReference section */

/* Begin PBXFileSystemSynchronizedBuildFileExceptionSet section */
		ADA295F42F945762004161B4 /* Exceptions for "LoveSpeaks" folder in "LoveSpeaksTests" target */ = {
			isa = PBXFileSystemSynchronizedBuildFileExceptionSet;
			membershipExceptions = (
				LoveSpeaksML.mlmodel,
			);
			target = ADA295BF2F93FFE4004161B4 /* LoveSpeaksTests */;
		};
		ADA295F52F945762004161B4 /* Exceptions for "LoveSpeaks" folder in "LoveSpeaksUITests" target */ = {
			isa = PBXFileSystemSynchronizedBuildFileExceptionSet;
			membershipExceptions = (
				LoveSpeaksML.mlmodel,
			);
			target = ADA295C92F93FFE4004161B4 /* LoveSpeaksUITests */;
		};
/* End PBXFileSystemSynchronizedBuildFileExceptionSet section */

/* Begin PBXFileSystemSynchronizedRootGroup section */
		ADA295B52F93FFE3004161B4 /* LoveSpeaks */ = {
			isa = PBXFileSystemSynchronizedRootGroup;
			exceptions = (
				ADA295F42F945762004161B4 /* Exceptions for "LoveSpeaks" folder in "LoveSpeaksTests" target */,
				ADA295F52F945762004161B4 /* Exceptions for "LoveSpeaks" folder in "LoveSpeaksUITests" target */,
			);
			path = LoveSpeaks;
			sourceTree = "<group>";
		};
		ADA295C32F93FFE4004161B4 /* LoveSpeaksTests */ = {
			isa = PBXFileSystemSynchronizedRootGroup;
			path = LoveSpeaksTests;
			sourceTree = "<group>";
		};
		ADA295CD2F93FFE4004161B4 /* LoveSpeaksUITests */ = {
			isa = PBXFileSystemSynchronizedRootGroup;
			path = LoveSpeaksUITests;
			sourceTree = "<group>";
		};
/* End PBXFileSystemSynchronizedRootGroup section */

/* Begin PBXFrameworksBuildPhase section */
		ADA295B02F93FFE3004161B4 /* Frameworks */ = {
			isa = PBXFrameworksBuildPhase;
			buildActionMask = 2147483647;
			files = (
			);
			runOnlyForDeploymentPostprocessing = 0;
		};
		ADA295BD2F93FFE4004161B4 /* Frameworks */ = {
			isa = PBXFrameworksBuildPhase;
			buildActionMask = 2147483647;
			files = (
			);
			runOnlyForDeploymentPostprocessing = 0;
		};
		ADA295C72F93FFE4004161B4 /* Frameworks */ = {
			isa = PBXFrameworksBuildPhase;
			buildActionMask = 2147483647;
			files = (
			);
			runOnlyForDeploymentPostprocessing = 0;
		};
/* End PBXFrameworksBuildPhase section */

/* Begin PBXGroup section */
		ADA295AA2F93FFE3004161B4 = {
			isa = PBXGroup;
			children = (
				ADA295B52F93FFE3004161B4 /* LoveSpeaks */,
				ADA295C32F93FFE4004161B4 /* LoveSpeaksTests */,
				ADA295CD2F93FFE4004161B4 /* LoveSpeaksUITests */,
				ADA295B42F93FFE3004161B4 /* Products */,
			);
			sourceTree = "<group>";
		};
		ADA295B42F93FFE3004161B4 /* Products */ = {
			isa = PBXGroup;
			children = (
				ADA295B32F93FFE3004161B4 /* LoveSpeaks.app */,
				ADA295C02F93FFE4004161B4 /* LoveSpeaksTests.xctest */,
				ADA295CA2F93FFE4004161B4 /* LoveSpeaksUITests.xctest */,
			);
			name = Products;
			sourceTree = "<group>";
		};
/* End PBXGroup section */

/* Begin PBXNativeTarget section */
		ADA295B22F93FFE3004161B4 /* LoveSpeaks */ = {
			isa = PBXNativeTarget;
			buildConfigurationList = ADA295D42F93FFE4004161B4 /* Build configuration list for PBXNativeTarget "LoveSpeaks" */;
			buildPhases = (
				ADA295AF2F93FFE3004161B4 /* Sources */,
				ADA295B02F93FFE3004161B4 /* Frameworks */,
				ADA295B12F93FFE3004161B4 /* Resources */,
			);
			buildRules = (
			);
			dependencies = (
			);
			fileSystemSynchronizedGroups = (
				ADA295B52F93FFE3004161B4 /* LoveSpeaks */,
			);
			name = LoveSpeaks;
			packageProductDependencies = (
			);
			productName = LoveSpeaks;
			productReference = ADA295B32F93FFE3004161B4 /* LoveSpeaks.app */;
			productType = "com.apple.product-type.application";
		};
		ADA295BF2F93FFE4004161B4 /* LoveSpeaksTests */ = {
			isa = PBXNativeTarget;
			buildConfigurationList = ADA295D72F93FFE4004161B4 /* Build configuration list for PBXNativeTarget "LoveSpeaksTests" */;
			buildPhases = (
				ADA295BC2F93FFE4004161B4 /* Sources */,
				ADA295BD2F93FFE4004161B4 /* Frameworks */,
				ADA295BE2F93FFE4004161B4 /* Resources */,
			);
			buildRules = (
			);
			dependencies = (
				ADA295C22F93FFE4004161B4 /* PBXTargetDependency */,
			);
			fileSystemSynchronizedGroups = (
				ADA295C32F93FFE4004161B4 /* LoveSpeaksTests */,
			);
			name = LoveSpeaksTests;
			packageProductDependencies = (
			);
			productName = LoveSpeaksTests;
			productReference = ADA295C02F93FFE4004161B4 /* LoveSpeaksTests.xctest */;
			productType = "com.apple.product-type.bundle.unit-test";
		};
		ADA295C92F93FFE4004161B4 /* LoveSpeaksUITests */ = {
			isa = PBXNativeTarget;
			buildConfigurationList = ADA295DA2F93FFE4004161B4 /* Build configuration list for PBXNativeTarget "LoveSpeaksUITests" */;
			buildPhases = (
				ADA295C62F93FFE4004161B4 /* Sources */,
				ADA295C72F93FFE4004161B4 /* Frameworks */,
				ADA295C82F93FFE4004161B4 /* Resources */,
			);
			buildRules = (
			);
			dependencies = (
				ADA295CC2F93FFE4004161B4 /* PBXTargetDependency */,
			);
			fileSystemSynchronizedGroups = (
				ADA295CD2F93FFE4004161B4 /* LoveSpeaksUITests */,
			);
			name = LoveSpeaksUITests;
			packageProductDependencies = (
			);
			productName = LoveSpeaksUITests;
			productReference = ADA295CA2F93FFE4004161B4 /* LoveSpeaksUITests.xctest */;
			productType = "com.apple.product-type.bundle.ui-testing";
		};
/* End PBXNativeTarget section */

/* Begin PBXProject section */
		ADA295AB2F93FFE3004161B4 /* Project object */ = {
			isa = PBXProject;
			attributes = {
				BuildIndependentTargetsInParallel = 1;
				LastSwiftUpdateCheck = 2640;
				LastUpgradeCheck = 2640;
				TargetAttributes = {
					ADA295B22F93FFE3004161B4 = {
						CreatedOnToolsVersion = 26.4.1;
					};
					ADA295BF2F93FFE4004161B4 = {
						CreatedOnToolsVersion = 26.4.1;
						TestTargetID = ADA295B22F93FFE3004161B4;
					};
					ADA295C92F93FFE4004161B4 = {
						CreatedOnToolsVersion = 26.4.1;
						TestTargetID = ADA295B22F93FFE3004161B4;
					};
				};
			};
			buildConfigurationList = ADA295AE2F93FFE3004161B4 /* Build configuration list for PBXProject "LoveSpeaks" */;
			developmentRegion = en;
			hasScannedForEncodings = 0;
			knownRegions = (
				en,
				Base,
			);
			mainGroup = ADA295AA2F93FFE3004161B4;
			minimizedProjectReferenceProxies = 1;
			preferredProjectObjectVersion = 77;
			productRefGroup = ADA295B42F93FFE3004161B4 /* Products */;
			projectDirPath = "";
			projectRoot = "";
			targets = (
				ADA295B22F93FFE3004161B4 /* LoveSpeaks */,
				ADA295BF2F93FFE4004161B4 /* LoveSpeaksTests */,
				ADA295C92F93FFE4004161B4 /* LoveSpeaksUITests */,
			);
		};
/* End PBXProject section */

/* Begin PBXResourcesBuildPhase section */
		ADA295B12F93FFE3004161B4 /* Resources */ = {
			isa = PBXResourcesBuildPhase;
			buildActionMask = 2147483647;
			files = (
			);
			runOnlyForDeploymentPostprocessing = 0;
		};
		ADA295BE2F93FFE4004161B4 /* Resources */ = {
			isa = PBXResourcesBuildPhase;
			buildActionMask = 2147483647;
			files = (
			);
			runOnlyForDeploymentPostprocessing = 0;
		};
		ADA295C82F93FFE4004161B4 /* Resources */ = {
			isa = PBXResourcesBuildPhase;
			buildActionMask = 2147483647;
			files = (
			);
			runOnlyForDeploymentPostprocessing = 0;
		};
/* End PBXResourcesBuildPhase section */

/* Begin PBXSourcesBuildPhase section */
		ADA295AF2F93FFE3004161B4 /* Sources */ = {
			isa = PBXSourcesBuildPhase;
			buildActionMask = 2147483647;
			files = (
			);
			runOnlyForDeploymentPostprocessing = 0;
		};
		ADA295BC2F93FFE4004161B4 /* Sources */ = {
			isa = PBXSourcesBuildPhase;
			buildActionMask = 2147483647;
			files = (
			);
			runOnlyForDeploymentPostprocessing = 0;
		};
		ADA295C62F93FFE4004161B4 /* Sources */ = {
			isa = PBXSourcesBuildPhase;
			buildActionMask = 2147483647;
			files = (
			);
			runOnlyForDeploymentPostprocessing = 0;
		};
/* End PBXSourcesBuildPhase section */

/* Begin PBXTargetDependency section */
		ADA295C22F93FFE4004161B4 /* PBXTargetDependency */ = {
			isa = PBXTargetDependency;
			target = ADA295B22F93FFE3004161B4 /* LoveSpeaks */;
			targetProxy = ADA295C12F93FFE4004161B4 /* PBXContainerItemProxy */;
		};
		ADA295CC2F93FFE4004161B4 /* PBXTargetDependency */ = {
			isa = PBXTargetDependency;
			target = ADA295B22F93FFE3004161B4 /* LoveSpeaks */;
			targetProxy = ADA295CB2F93FFE4004161B4 /* PBXContainerItemProxy */;
		};
/* End PBXTargetDependency section */

/* Begin XCBuildConfiguration section */
		ADA295D22F93FFE4004161B4 /* Debug */ = {
			isa = XCBuildConfiguration;
			buildSettings = {
				ALWAYS_SEARCH_USER_PATHS = NO;
				ASSETCATALOG_COMPILER_GENERATE_SWIFT_ASSET_SYMBOL_EXTENSIONS = YES;
				CLANG_ANALYZER_NONNULL = YES;
				CLANG_ANALYZER_NUMBER_OBJECT_CONVERSION = YES_AGGRESSIVE;
				CLANG_CXX_LANGUAGE_STANDARD = "gnu++20";
				CLANG_ENABLE_MODULES = YES;
				CLANG_ENABLE_OBJC_ARC = YES;
				CLANG_ENABLE_OBJC_WEAK = YES;
				CLANG_WARN_BLOCK_CAPTURE_AUTORELEASING = YES;
				CLANG_WARN_BOOL_CONVERSION = YES;
				CLANG_WARN_COMMA = YES;
				CLANG_WARN_CONSTANT_CONVERSION = YES;
				CLANG_WARN_DEPRECATED_OBJC_IMPLEMENTATIONS = YES;
				CLANG_WARN_DIRECT_OBJC_ISA_USAGE = YES_ERROR;
				CLANG_WARN_DOCUMENTATION_COMMENTS = YES;
				CLANG_WARN_EMPTY_BODY = YES;
				CLANG_WARN_ENUM_CONVERSION = YES;
				CLANG_WARN_INFINITE_RECURSION = YES;
				CLANG_WARN_INT_CONVERSION = YES;
				CLANG_WARN_NON_LITERAL_NULL_CONVERSION = YES;
				CLANG_WARN_OBJC_IMPLICIT_RETAIN_SELF = YES;
				CLANG_WARN_OBJC_LITERAL_CONVERSION = YES;
				CLANG_WARN_OBJC_ROOT_CLASS = YES_ERROR;
				CLANG_WARN_QUOTED_INCLUDE_IN_FRAMEWORK_HEADER = YES;
				CLANG_WARN_RANGE_LOOP_ANALYSIS = YES;
				CLANG_WARN_STRICT_PROTOTYPES = YES;
				CLANG_WARN_SUSPICIOUS_MOVE = YES;
				CLANG_WARN_UNGUARDED_AVAILABILITY = YES_AGGRESSIVE;
				CLANG_WARN_UNREACHABLE_CODE = YES;
				CLANG_WARN__DUPLICATE_METHOD_MATCH = YES;
				COPY_PHASE_STRIP = NO;
				DEBUG_INFORMATION_FORMAT = dwarf;
				ENABLE_STRICT_OBJC_MSGSEND = YES;
				ENABLE_TESTABILITY = YES;
				ENABLE_USER_SCRIPT_SANDBOXING = YES;
				GCC_C_LANGUAGE_STANDARD = gnu17;
				GCC_DYNAMIC_NO_PIC = NO;
				GCC_NO_COMMON_BLOCKS = YES;
				GCC_OPTIMIZATION_LEVEL = 0;
				GCC_PREPROCESSOR_DEFINITIONS = (
					"DEBUG=1",
					"$(inherited)",
				);
				GCC_WARN_64_TO_32_BIT_CONVERSION = YES;
				GCC_WARN_ABOUT_RETURN_TYPE = YES_ERROR;
				GCC_WARN_UNDECLARED_SELECTOR = YES;
				GCC_WARN_UNINITIALIZED_AUTOS = YES_AGGRESSIVE;
				GCC_WARN_UNUSED_FUNCTION = YES;
				GCC_WARN_UNUSED_VARIABLE = YES;
				IPHONEOS_DEPLOYMENT_TARGET = 26.4;
				LOCALIZATION_PREFERS_STRING_CATALOGS = YES;
				MTL_ENABLE_DEBUG_INFO = INCLUDE_SOURCE;
				MTL_FAST_MATH = YES;
				ONLY_ACTIVE_ARCH = YES;
				SDKROOT = iphoneos;
				SWIFT_ACTIVE_COMPILATION_CONDITIONS = "DEBUG $(inherited)";
				SWIFT_OPTIMIZATION_LEVEL = "-Onone";
			};
			name = Debug;
		};
		ADA295D32F93FFE4004161B4 /* Release */ = {
			isa = XCBuildConfiguration;
			buildSettings = {
				ALWAYS_SEARCH_USER_PATHS = NO;
				ASSETCATALOG_COMPILER_GENERATE_SWIFT_ASSET_SYMBOL_EXTENSIONS = YES;
				CLANG_ANALYZER_NONNULL = YES;
				CLANG_ANALYZER_NUMBER_OBJECT_CONVERSION = YES_AGGRESSIVE;
				CLANG_CXX_LANGUAGE_STANDARD = "gnu++20";
				CLANG_ENABLE_MODULES = YES;
				CLANG_ENABLE_OBJC_ARC = YES;
				CLANG_ENABLE_OBJC_WEAK = YES;
				CLANG_WARN_BLOCK_CAPTURE_AUTORELEASING = YES;
				CLANG_WARN_BOOL_CONVERSION = YES;
				CLANG_WARN_COMMA = YES;
				CLANG_WARN_CONSTANT_CONVERSION = YES;
				CLANG_WARN_DEPRECATED_OBJC_IMPLEMENTATIONS = YES;
				CLANG_WARN_DIRECT_OBJC_ISA_USAGE = YES_ERROR;
				CLANG_WARN_DOCUMENTATION_COMMENTS = YES;
				CLANG_WARN_EMPTY_BODY = YES;
				CLANG_WARN_ENUM_CONVERSION = YES;
				CLANG_WARN_INFINITE_RECURSION = YES;
				CLANG_WARN_INT_CONVERSION = YES;
				CLANG_WARN_NON_LITERAL_NULL_CONVERSION = YES;
				CLANG_WARN_OBJC_IMPLICIT_RETAIN_SELF = YES;
				CLANG_WARN_OBJC_LITERAL_CONVERSION = YES;
				CLANG_WARN_OBJC_ROOT_CLASS = YES_ERROR;
				CLANG_WARN_QUOTED_INCLUDE_IN_FRAMEWORK_HEADER = YES;
				CLANG_WARN_RANGE_LOOP_ANALYSIS = YES;
				CLANG_WARN_STRICT_PROTOTYPES = YES;
				CLANG_WARN_SUSPICIOUS_MOVE = YES;
				CLANG_WARN_UNGUARDED_AVAILABILITY = YES_AGGRESSIVE;
				CLANG_WARN_UNREACHABLE_CODE = YES;
				CLANG_WARN__DUPLICATE_METHOD_MATCH = YES;
				COPY_PHASE_STRIP = NO;
				DEBUG_INFORMATION_FORMAT = "dwarf-with-dsym";
				ENABLE_NS_ASSERTIONS = NO;
				ENABLE_STRICT_OBJC_MSGSEND = YES;
				ENABLE_USER_SCRIPT_SANDBOXING = YES;
				GCC_C_LANGUAGE_STANDARD = gnu17;
				GCC_NO_COMMON_BLOCKS = YES;
				GCC_WARN_64_TO_32_BIT_CONVERSION = YES;
				GCC_WARN_ABOUT_RETURN_TYPE = YES_ERROR;
				GCC_WARN_UNDECLARED_SELECTOR = YES;
				GCC_WARN_UNINITIALIZED_AUTOS = YES_AGGRESSIVE;
				GCC_WARN_UNUSED_FUNCTION = YES;
				GCC_WARN_UNUSED_VARIABLE = YES;
				IPHONEOS_DEPLOYMENT_TARGET = 26.4;
				LOCALIZATION_PREFERS_STRING_CATALOGS = YES;
				MTL_ENABLE_DEBUG_INFO = NO;
				MTL_FAST_MATH = YES;
				SDKROOT = iphoneos;
				SWIFT_COMPILATION_MODE = wholemodule;
				VALIDATE_PRODUCT = YES;
			};
			name = Release;
		};
		ADA295D52F93FFE4004161B4 /* Debug */ = {
			isa = XCBuildConfiguration;
			buildSettings = {
				ASSETCATALOG_COMPILER_APPICON_NAME = AppIcon;
				ASSETCATALOG_COMPILER_GLOBAL_ACCENT_COLOR_NAME = AccentColor;
				CODE_SIGN_STYLE = Automatic;
				CURRENT_PROJECT_VERSION = 1;
				ENABLE_PREVIEWS = YES;
				GENERATE_INFOPLIST_FILE = YES;
				INFOPLIST_KEY_NSMicrophoneUsageDescription = "<key>NSMicrophoneUsageDescription</key>\n<string>LoveSpeaks listens for baby sounds to help deaf parents stay connected.</string>";
				INFOPLIST_KEY_UIApplicationSceneManifest_Generation = YES;
				INFOPLIST_KEY_UIApplicationSupportsIndirectInputEvents = YES;
				INFOPLIST_KEY_UILaunchScreen_Generation = YES;
				INFOPLIST_KEY_UISupportedInterfaceOrientations_iPad = "UIInterfaceOrientationPortrait UIInterfaceOrientationPortraitUpsideDown UIInterfaceOrientationLandscapeLeft UIInterfaceOrientationLandscapeRight";
				INFOPLIST_KEY_UISupportedInterfaceOrientations_iPhone = "UIInterfaceOrientationPortrait UIInterfaceOrientationLandscapeLeft UIInterfaceOrientationLandscapeRight";
				LD_RUNPATH_SEARCH_PATHS = (
					"$(inherited)",
					"@executable_path/Frameworks",
				);
				MARKETING_VERSION = 1.0;
				PRODUCT_BUNDLE_IDENTIFIER = none.LoveSpeaks;
				PRODUCT_NAME = "$(TARGET_NAME)";
				STRING_CATALOG_GENERATE_SYMBOLS = YES;
				SWIFT_APPROACHABLE_CONCURRENCY = YES;
				SWIFT_DEFAULT_ACTOR_ISOLATION = MainActor;
				SWIFT_EMIT_LOC_STRINGS = YES;
				SWIFT_UPCOMING_FEATURE_MEMBER_IMPORT_VISIBILITY = YES;
				SWIFT_VERSION = 5.0;
				TARGETED_DEVICE_FAMILY = "1,2";
			};
			name = Debug;
		};
		ADA295D62F93FFE4004161B4 /* Release */ = {
			isa = XCBuildConfiguration;
			buildSettings = {
				ASSETCATALOG_COMPILER_APPICON_NAME = AppIcon;
				ASSETCATALOG_COMPILER_GLOBAL_ACCENT_COLOR_NAME = AccentColor;
				CODE_SIGN_STYLE = Automatic;
				CURRENT_PROJECT_VERSION = 1;
				ENABLE_PREVIEWS = YES;
				GENERATE_INFOPLIST_FILE = YES;
				INFOPLIST_KEY_NSMicrophoneUsageDescription = "<key>NSMicrophoneUsageDescription</key>\n<string>LoveSpeaks listens for baby sounds to help deaf parents stay connected.</string>";
				INFOPLIST_KEY_UIApplicationSceneManifest_Generation = YES;
				INFOPLIST_KEY_UIApplicationSupportsIndirectInputEvents = YES;
				INFOPLIST_KEY_UILaunchScreen_Generation = YES;
				INFOPLIST_KEY_UISupportedInterfaceOrientations_iPad = "UIInterfaceOrientationPortrait UIInterfaceOrientationPortraitUpsideDown UIInterfaceOrientationLandscapeLeft UIInterfaceOrientationLandscapeRight";
				INFOPLIST_KEY_UISupportedInterfaceOrientations_iPhone = "UIInterfaceOrientationPortrait UIInterfaceOrientationLandscapeLeft UIInterfaceOrientationLandscapeRight";
				LD_RUNPATH_SEARCH_PATHS = (
					"$(inherited)",
					"@executable_path/Frameworks",
				);
				MARKETING_VERSION = 1.0;
				PRODUCT_BUNDLE_IDENTIFIER = none.LoveSpeaks;
				PRODUCT_NAME = "$(TARGET_NAME)";
				STRING_CATALOG_GENERATE_SYMBOLS = YES;
				SWIFT_APPROACHABLE_CONCURRENCY = YES;
				SWIFT_DEFAULT_ACTOR_ISOLATION = MainActor;
				SWIFT_EMIT_LOC_STRINGS = YES;
				SWIFT_UPCOMING_FEATURE_MEMBER_IMPORT_VISIBILITY = YES;
				SWIFT_VERSION = 5.0;
				TARGETED_DEVICE_FAMILY = "1,2";
			};
			name = Release;
		};
		ADA295D82F93FFE4004161B4 /* Debug */ = {
			isa = XCBuildConfiguration;
			buildSettings = {
				BUNDLE_LOADER = "$(TEST_HOST)";
				CODE_SIGN_STYLE = Automatic;
				CURRENT_PROJECT_VERSION = 1;
				GENERATE_INFOPLIST_FILE = YES;
				IPHONEOS_DEPLOYMENT_TARGET = 26.4;
				MARKETING_VERSION = 1.0;
				PRODUCT_BUNDLE_IDENTIFIER = none.LoveSpeaksTests;
				PRODUCT_NAME = "$(TARGET_NAME)";
				STRING_CATALOG_GENERATE_SYMBOLS = NO;
				SWIFT_APPROACHABLE_CONCURRENCY = YES;
				SWIFT_EMIT_LOC_STRINGS = NO;
				SWIFT_UPCOMING_FEATURE_MEMBER_IMPORT_VISIBILITY = YES;
				SWIFT_VERSION = 5.0;
				TARGETED_DEVICE_FAMILY = "1,2";
				TEST_HOST = "$(BUILT_PRODUCTS_DIR)/LoveSpeaks.app/$(BUNDLE_EXECUTABLE_FOLDER_PATH)/LoveSpeaks";
			};
			name = Debug;
		};
		ADA295D92F93FFE4004161B4 /* Release */ = {
			isa = XCBuildConfiguration;
			buildSettings = {
				BUNDLE_LOADER = "$(TEST_HOST)";
				CODE_SIGN_STYLE = Automatic;
				CURRENT_PROJECT_VERSION = 1;
				GENERATE_INFOPLIST_FILE = YES;
				IPHONEOS_DEPLOYMENT_TARGET = 26.4;
				MARKETING_VERSION = 1.0;
				PRODUCT_BUNDLE_IDENTIFIER = none.LoveSpeaksTests;
				PRODUCT_NAME = "$(TARGET_NAME)";
				STRING_CATALOG_GENERATE_SYMBOLS = NO;
				SWIFT_APPROACHABLE_CONCURRENCY = YES;
				SWIFT_EMIT_LOC_STRINGS = NO;
				SWIFT_UPCOMING_FEATURE_MEMBER_IMPORT_VISIBILITY = YES;
				SWIFT_VERSION = 5.0;
				TARGETED_DEVICE_FAMILY = "1,2";
				TEST_HOST = "$(BUILT_PRODUCTS_DIR)/LoveSpeaks.app/$(BUNDLE_EXECUTABLE_FOLDER_PATH)/LoveSpeaks";
			};
			name = Release;
		};
		ADA295DB2F93FFE4004161B4 /* Debug */ = {
			isa = XCBuildConfiguration;
			buildSettings = {
				CODE_SIGN_STYLE = Automatic;
				CURRENT_PROJECT_VERSION = 1;
				GENERATE_INFOPLIST_FILE = YES;
				MARKETING_VERSION = 1.0;
				PRODUCT_BUNDLE_IDENTIFIER = none.LoveSpeaksUITests;
				PRODUCT_NAME = "$(TARGET_NAME)";
				STRING_CATALOG_GENERATE_SYMBOLS = NO;
				SWIFT_APPROACHABLE_CONCURRENCY = YES;
				SWIFT_EMIT_LOC_STRINGS = NO;
				SWIFT_UPCOMING_FEATURE_MEMBER_IMPORT_VISIBILITY = YES;
				SWIFT_VERSION = 5.0;
				TARGETED_DEVICE_FAMILY = "1,2";
				TEST_TARGET_NAME = LoveSpeaks;
			};
			name = Debug;
		};
		ADA295DC2F93FFE4004161B4 /* Release */ = {
			isa = XCBuildConfiguration;
			buildSettings = {
				CODE_SIGN_STYLE = Automatic;
				CURRENT_PROJECT_VERSION = 1;
				GENERATE_INFOPLIST_FILE = YES;
				MARKETING_VERSION = 1.0;
				PRODUCT_BUNDLE_IDENTIFIER = none.LoveSpeaksUITests;
				PRODUCT_NAME = "$(TARGET_NAME)";
				STRING_CATALOG_GENERATE_SYMBOLS = NO;
				SWIFT_APPROACHABLE_CONCURRENCY = YES;
				SWIFT_EMIT_LOC_STRINGS = NO;
				SWIFT_UPCOMING_FEATURE_MEMBER_IMPORT_VISIBILITY = YES;
				SWIFT_VERSION = 5.0;
				TARGETED_DEVICE_FAMILY = "1,2";
				TEST_TARGET_NAME = LoveSpeaks;
			};
			name = Release;
		};
/* End XCBuildConfiguration section */

/* Begin XCConfigurationList section */
		ADA295AE2F93FFE3004161B4 /* Build configuration list for PBXProject "LoveSpeaks" */ = {
			isa = XCConfigurationList;
			buildConfigurations = (
				ADA295D22F93FFE4004161B4 /* Debug */,
				ADA295D32F93FFE4004161B4 /* Release */,
			);
			defaultConfigurationIsVisible = 0;
			defaultConfigurationName = Release;
		};
		ADA295D42F93FFE4004161B4 /* Build configuration list for PBXNativeTarget "LoveSpeaks" */ = {
			isa = XCConfigurationList;
			buildConfigurations = (
				ADA295D52F93FFE4004161B4 /* Debug */,
				ADA295D62F93FFE4004161B4 /* Release */,
			);
			defaultConfigurationIsVisible = 0;
			defaultConfigurationName = Release;
		};
		ADA295D72F93FFE4004161B4 /* Build configuration list for PBXNativeTarget "LoveSpeaksTests" */ = {
			isa = XCConfigurationList;
			buildConfigurations = (
				ADA295D82F93FFE4004161B4 /* Debug */,
				ADA295D92F93FFE4004161B4 /* Release */,
			);
			defaultConfigurationIsVisible = 0;
			defaultConfigurationName = Release;
		};
		ADA295DA2F93FFE4004161B4 /* Build configuration list for PBXNativeTarget "LoveSpeaksUITests" */ = {
			isa = XCConfigurationList;
			buildConfigurations = (
				ADA295DB2F93FFE4004161B4 /* Debug */,
				ADA295DC2F93FFE4004161B4 /* Release */,
			);
			defaultConfigurationIsVisible = 0;
			defaultConfigurationName = Release;
		};
/* End XCConfigurationList section */
	};
	rootObject = ADA295AB2F93FFE3004161B4 /* Project object */;
}
